
Microsoft Visual Studio Solution File, Format Version 10.00
# Visual C# Express 2008
Project("{FAE04EC0-301F-11D3-BF4B-00C04F79EFBC}") = "REHBER", "REHBER.csproj", "{63955CE7-FB78-4254-9C29-2C286C621D5E}"
EndProject
Global
	GlobalSection(SolutionConfigurationPlatforms) = preSolution
		Debug|Any CPU = Debug|Any CPU
		Release|Any CPU = Release|Any CPU
	EndGlobalSection
	GlobalSection(ProjectConfigurationPlatforms) = postSolution
		{63955CE7-FB78-4254-9C29-2C286C621D5E}.Debug|Any CPU.ActiveCfg = Debug|Any CPU
		{63955CE7-FB78-4254-9C29-2C286C621D5E}.Debug|Any CPU.Build.0 = Debug|Any CPU
		{63955CE7-FB78-4254-9C29-2C286C621D5E}.Release|Any CPU.ActiveCfg = Release|Any CPU
		{63955CE7-FB78-4254-9C29-2C286C621D5E}.Release|Any CPU.Build.0 = Release|Any CPU
	EndGlobalSection
	GlobalSection(SolutionProperties) = preSolution
		HideSolutionNode = FALSE
	EndGlobalSection
EndGlobal
